// !$*UTF8*$!
{
	archiveVersion = 1;
	classes = {
	};
	objectVersion = 46;
	objects = {

/* Begin PBXBuildFile section */
		37DE4DAF8206DAFE02280DE3 /* libPods-FSAutoAdjust-cellHeightDemo.a in Frameworks */ = {isa = PBXBuildFile; fileRef = 8A9A2B6C54F325B2B3E79573 /* libPods-FSAutoAdjust-cellHeightDemo.a */; };
		A3604F031F0F5EEC00C9F19C /* main.m in Sources */ = {isa = PBXBuildFile; fileRef = A3604F021F0F5EEC00C9F19C /* main.m */; };
		A3604F061F0F5EED00C9F19C /* AppDelegate.m in Sources */ = {isa = PBXBuildFile; fileRef = A3604F051F0F5EED00C9F19C /* AppDelegate.m */; };
		A3604F0C1F0F5EED00C9F19C /* Main.storyboard in Resources */ = {isa = PBXBuildFile; fileRef = A3604F0A1F0F5EED00C9F19C /* Main.storyboard */; };
		A3604F0E1F0F5EED00C9F19C /* Assets.xcassets in Resources */ = {isa = PBXBuildFile; fileRef = A3604F0D1F0F5EED00C9F19C /* Assets.xcassets */; };
		A3604F111F0F5EED00C9F19C /* LaunchScreen.storyboard in Resources */ = {isa = PBXBuildFile; fileRef = A3604F0F1F0F5EED00C9F19C /* LaunchScreen.storyboard */; };
		A3604F1C1F0F665400C9F19C /* FSMainViewController.m in Sources */ = {isa = PBXBuildFile; fileRef = A3604F1B1F0F665400C9F19C /* FSMainViewController.m */; };
		A3604F221F0F717D00C9F19C /* UITableViewCell+FSAutoCountHeight.m in Sources */ = {isa = PBXBuildFile; fileRef = A3604F211F0F717D00C9F19C /* UITableViewCell+FSAutoCountHeight.m */; };
		F00DD2971F113B1900AA5B15 /* data.json in Resources */ = {isa = PBXBuildFile; fileRef = F00DD2961F113B1900AA5B15 /* data.json */; };
		F0287EA41F2F268A00417CFA /* FSEntity.m in Sources */ = {isa = PBXBuildFile; fileRef = F0287EA31F2F268A00417CFA /* FSEntity.m */; };
		F0287EA71F2F301B00417CFA /* FSViewController.m in Sources */ = {isa = PBXBuildFile; fileRef = F0287EA61F2F301B00417CFA /* FSViewController.m */; };
		F09D0D9E1F11E4AB00943A9D /* FSTestTableViewCell.m in Sources */ = {isa = PBXBuildFile; fileRef = F09D0D9D1F11E4AB00943A9D /* FSTestTableViewCell.m */; };
/* End PBXBuildFile section */

/* Begin PBXFileReference section */
		708AEA4D1D4470774EFC19F6 /* Pods-FSAutoAdjust-cellHeightDemo.debug.xcconfig */ = {isa = PBXFileReference; includeInIndex = 1; lastKnownFileType = text.xcconfig; name = "Pods-FSAutoAdjust-cellHeightDemo.debug.xcconfig"; path = "Pods/Target Support Files/Pods-FSAutoAdjust-cellHeightDemo/Pods-FSAutoAdjust-cellHeightDemo.debug.xcconfig"; sourceTree = "<group>"; };
		8A9A2B6C54F325B2B3E79573 /* libPods-FSAutoAdjust-cellHeightDemo.a */ = {isa = PBXFileReference; explicitFileType = archive.ar; includeInIndex = 0; path = "libPods-FSAutoAdjust-cellHeightDemo.a"; sourceTree = BUILT_PRODUCTS_DIR; };
		A3604EFE1F0F5EEC00C9F19C /* FSAutoAdjust-cellHeightDemo.app */ = {isa = PBXFileReference; explicitFileType = wrapper.application; includeInIndex = 0; path = "FSAutoAdjust-cellHeightDemo.app"; sourceTree = BUILT_PRODUCTS_DIR; };
		A3604F021F0F5EEC00C9F19C /* main.m */ = {isa = PBXFileReference; lastKnownFileType = sourcecode.c.objc; path = main.m; sourceTree = "<group>"; };
		A3604F041F0F5EED00C9F19C /* AppDelegate.h */ = {isa = PBXFileReference; lastKnownFileType = sourcecode.c.h; path = AppDelegate.h; sourceTree = "<group>"; };
		A3604F051F0F5EED00C9F19C /* AppDelegate.m */ = {isa = PBXFileReference; lastKnownFileType = sourcecode.c.objc; path = AppDelegate.m; sourceTree = "<group>"; };
		A3604F0B1F0F5EED00C9F19C /* Base */ = {isa = PBXFileReference; lastKnownFileType = file.storyboard; name = Base; path = Base.lproj/Main.storyboard; sourceTree = "<group>"; };
		A3604F0D1F0F5EED00C9F19C /* Assets.xcassets */ = {isa = PBXFileReference; lastKnownFileType = folder.assetcatalog; path = Assets.xcassets; sourceTree = "<group>"; };
		A3604F101F0F5EED00C9F19C /* Base */ = {isa = PBXFileReference; lastKnownFileType = file.storyboard; name = Base; path = Base.lproj/LaunchScreen.storyboard; sourceTree = "<group>"; };
		A3604F121F0F5EED00C9F19C /* Info.plist */ = {isa = PBXFileReference; lastKnownFileType = text.plist.xml; path = Info.plist; sourceTree = "<group>"; };
		A3604F1A1F0F665400C9F19C /* FSMainViewController.h */ = {isa = PBXFileReference; fileEncoding = 4; lastKnownFileType = sourcecode.c.h; path = FSMainViewController.h; sourceTree = "<group>"; };
		A3604F1B1F0F665400C9F19C /* FSMainViewController.m */ = {isa = PBXFileReference; fileEncoding = 4; lastKnownFileType = sourcecode.c.objc; path = FSMainViewController.m; sourceTree = "<group>"; };
		A3604F201F0F717D00C9F19C /* UITableViewCell+FSAutoCountHeight.h */ = {isa = PBXFileReference; fileEncoding = 4; lastKnownFileType = sourcecode.c.h; path = "UITableViewCell+FSAutoCountHeight.h"; sourceTree = "<group>"; };
		A3604F211F0F717D00C9F19C /* UITableViewCell+FSAutoCountHeight.m */ = {isa = PBXFileReference; fileEncoding = 4; lastKnownFileType = sourcecode.c.objc; path = "UITableViewCell+FSAutoCountHeight.m"; sourceTree = "<group>"; };
		A3604F241F0F7E6800C9F19C /* FSCellCommenDefine.h */ = {isa = PBXFileReference; lastKnownFileType = sourcecode.c.h; path = FSCellCommenDefine.h; sourceTree = "<group>"; };
		A7F65CB57AE061C24BA816C0 /* Pods-FSAutoAdjust-cellHeightDemo.release.xcconfig */ = {isa = PBXFileReference; includeInIndex = 1; lastKnownFileType = text.xcconfig; name = "Pods-FSAutoAdjust-cellHeightDemo.release.xcconfig"; path = "Pods/Target Support Files/Pods-FSAutoAdjust-cellHeightDemo/Pods-FSAutoAdjust-cellHeightDemo.release.xcconfig"; sourceTree = "<group>"; };
		F00DD2961F113B1900AA5B15 /* data.json */ = {isa = PBXFileReference; fileEncoding = 4; lastKnownFileType = text.json; path = data.json; sourceTree = "<group>"; };
		F0287EA21F2F268A00417CFA /* FSEntity.h */ = {isa = PBXFileReference; fileEncoding = 4; lastKnownFileType = sourcecode.c.h; path = FSEntity.h; sourceTree = "<group>"; };
		F0287EA31F2F268A00417CFA /* FSEntity.m */ = {isa = PBXFileReference; fileEncoding = 4; lastKnownFileType = sourcecode.c.objc; path = FSEntity.m; sourceTree = "<group>"; };
		F0287EA51F2F301B00417CFA /* FSViewController.h */ = {isa = PBXFileReference; fileEncoding = 4; lastKnownFileType = sourcecode.c.h; path = FSViewController.h; sourceTree = "<group>"; };
		F0287EA61F2F301B00417CFA /* FSViewController.m */ = {isa = PBXFileReference; fileEncoding = 4; lastKnownFileType = sourcecode.c.objc; path = FSViewController.m; sourceTree = "<group>"; };
		F09D0D9C1F11E4AB00943A9D /* FSTestTableViewCell.h */ = {isa = PBXFileReference; fileEncoding = 4; lastKnownFileType = sourcecode.c.h; path = FSTestTableViewCell.h; sourceTree = "<group>"; };
		F09D0D9D1F11E4AB00943A9D /* FSTestTableViewCell.m */ = {isa = PBXFileReference; fileEncoding = 4; lastKnownFileType = sourcecode.c.objc; path = FSTestTableViewCell.m; sourceTree = "<group>"; };
/* End PBXFileReference section */

/* Begin PBXFrameworksBuildPhase section */
		A3604EFB1F0F5EEC00C9F19C /* Frameworks */ = {
			isa = PBXFrameworksBuildPhase;
			buildActionMask = 2147483647;
			files = (
				37DE4DAF8206DAFE02280DE3 /* libPods-FSAutoAdjust-cellHeightDemo.a in Frameworks */,
			);
			runOnlyForDeploymentPostprocessing = 0;
		};
/* End PBXFrameworksBuildPhase section */

/* Begin PBXGroup section */
		22D901A66F8423E9C7C9FC2C /* Pods */ = {
			isa = PBXGroup;
			children = (
				708AEA4D1D4470774EFC19F6 /* Pods-FSAutoAdjust-cellHeightDemo.debug.xcconfig */,
				A7F65CB57AE061C24BA816C0 /* Pods-FSAutoAdjust-cellHeightDemo.release.xcconfig */,
			);
			name = Pods;
			sourceTree = "<group>";
		};
		82FF98F15024C8EBBBAD84CE /* Frameworks */ = {
			isa = PBXGroup;
			children = (
				8A9A2B6C54F325B2B3E79573 /* libPods-FSAutoAdjust-cellHeightDemo.a */,
			);
			name = Frameworks;
			sourceTree = "<group>";
		};
		A3604EF51F0F5EEC00C9F19C = {
			isa = PBXGroup;
			children = (
				A3604F001F0F5EEC00C9F19C /* FSAutoAdjust-cellHeightDemo */,
				A3604EFF1F0F5EEC00C9F19C /* Products */,
				22D901A66F8423E9C7C9FC2C /* Pods */,
				82FF98F15024C8EBBBAD84CE /* Frameworks */,
			);
			sourceTree = "<group>";
		};
		A3604EFF1F0F5EEC00C9F19C /* Products */ = {
			isa = PBXGroup;
			children = (
				A3604EFE1F0F5EEC00C9F19C /* FSAutoAdjust-cellHeightDemo.app */,
			);
			name = Products;
			sourceTree = "<group>";
		};
		A3604F001F0F5EEC00C9F19C /* FSAutoAdjust-cellHeightDemo */ = {
			isa = PBXGroup;
			children = (
				F00DD2961F113B1900AA5B15 /* data.json */,
				A3604F181F0F5F6B00C9F19C /* FSAutoAdjust-cellHeightLib */,
				A3604F041F0F5EED00C9F19C /* AppDelegate.h */,
				A3604F051F0F5EED00C9F19C /* AppDelegate.m */,
				F0287EA51F2F301B00417CFA /* FSViewController.h */,
				F0287EA61F2F301B00417CFA /* FSViewController.m */,
				A3604F1A1F0F665400C9F19C /* FSMainViewController.h */,
				A3604F1B1F0F665400C9F19C /* FSMainViewController.m */,
				F09D0D9C1F11E4AB00943A9D /* FSTestTableViewCell.h */,
				F09D0D9D1F11E4AB00943A9D /* FSTestTableViewCell.m */,
				F0287EA21F2F268A00417CFA /* FSEntity.h */,
				F0287EA31F2F268A00417CFA /* FSEntity.m */,
				A3604F0A1F0F5EED00C9F19C /* Main.storyboard */,
				A3604F0D1F0F5EED00C9F19C /* Assets.xcassets */,
				A3604F0F1F0F5EED00C9F19C /* LaunchScreen.storyboard */,
				A3604F121F0F5EED00C9F19C /* Info.plist */,
				A3604F011F0F5EEC00C9F19C /* Supporting Files */,
			);
			path = "FSAutoAdjust-cellHeightDemo";
			sourceTree = "<group>";
		};
		A3604F011F0F5EEC00C9F19C /* Supporting Files */ = {
			isa = PBXGroup;
			children = (
				A3604F021F0F5EEC00C9F19C /* main.m */,
			);
			name = "Supporting Files";
			sourceTree = "<group>";
		};
		A3604F181F0F5F6B00C9F19C /* FSAutoAdjust-cellHeightLib */ = {
			isa = PBXGroup;
			children = (
				A3604F241F0F7E6800C9F19C /* FSCellCommenDefine.h */,
				A3604F201F0F717D00C9F19C /* UITableViewCell+FSAutoCountHeight.h */,
				A3604F211F0F717D00C9F19C /* UITableViewCell+FSAutoCountHeight.m */,
			);
			path = "FSAutoAdjust-cellHeightLib";
			sourceTree = "<group>";
		};
/* End PBXGroup section */

/* Begin PBXNativeTarget section */
		A3604EFD1F0F5EEC00C9F19C /* FSAutoAdjust-cellHeightDemo */ = {
			isa = PBXNativeTarget;
			buildConfigurationList = A3604F151F0F5EED00C9F19C /* Build configuration list for PBXNativeTarget "FSAutoAdjust-cellHeightDemo" */;
			buildPhases = (
				69D3419D387D32AD733C4ECC /* [CP] Check Pods Manifest.lock */,
				A3604EFA1F0F5EEC00C9F19C /* Sources */,
				A3604EFB1F0F5EEC00C9F19C /* Frameworks */,
				A3604EFC1F0F5EEC00C9F19C /* Resources */,
				3F0235A3427E4700257577DC /* [CP] Embed Pods Frameworks */,
				0214FFB2F2E793D2B223B44E /* [CP] Copy Pods Resources */,
			);
			buildRules = (
			);
			dependencies = (
			);
			name = "FSAutoAdjust-cellHeightDemo";
			productName = "FSAutoAdjust-cellHeightDemo";
			productReference = A3604EFE1F0F5EEC00C9F19C /* FSAutoAdjust-cellHeightDemo.app */;
			productType = "com.apple.product-type.application";
		};
/* End PBXNativeTarget section */

/* Begin PBXProject section */
		A3604EF61F0F5EEC00C9F19C /* Project object */ = {
			isa = PBXProject;
			attributes = {
				CLASSPREFIX = FS;
				LastUpgradeCheck = 0830;
				ORGANIZATIONNAME = shunFSKi;
				TargetAttributes = {
					A3604EFD1F0F5EEC00C9F19C = {
						CreatedOnToolsVersion = 8.3.1;
						DevelopmentTeam = P5NAKU59Y6;
						ProvisioningStyle = Automatic;
					};
				};
			};
			buildConfigurationList = A3604EF91F0F5EEC00C9F19C /* Build configuration list for PBXProject "FSAutoAdjust-cellHeightDemo" */;
			compatibilityVersion = "Xcode 3.2";
			developmentRegion = English;
			hasScannedForEncodings = 0;
			knownRegions = (
				en,
				Base,
			);
			mainGroup = A3604EF51F0F5EEC00C9F19C;
			productRefGroup = A3604EFF1F0F5EEC00C9F19C /* Products */;
			projectDirPath = "";
			projectRoot = "";
			targets = (
				A3604EFD1F0F5EEC00C9F19C /* FSAutoAdjust-cellHeightDemo */,
			);
		};
/* End PBXProject section */

/* Begin PBXResourcesBuildPhase section */
		A3604EFC1F0F5EEC00C9F19C /* Resources */ = {
			isa = PBXResourcesBuildPhase;
			buildActionMask = 2147483647;
			files = (
				A3604F111F0F5EED00C9F19C /* LaunchScreen.storyboard in Resources */,
				A3604F0E1F0F5EED00C9F19C /* Assets.xcassets in Resources */,
				A3604F0C1F0F5EED00C9F19C /* Main.storyboard in Resources */,
				F00DD2971F113B1900AA5B15 /* data.json in Resources */,
			);
			runOnlyForDeploymentPostprocessing = 0;
		};
/* End PBXResourcesBuildPhase section */

/* Begin PBXShellScriptBuildPhase section */
		0214FFB2F2E793D2B223B44E /* [CP] Copy Pods Resources */ = {
			isa = PBXShellScriptBuildPhase;
			buildActionMask = 2147483647;
			files = (
			);
			inputPaths = (
			);
			name = "[CP] Copy Pods Resources";
			outputPaths = (
			);
			runOnlyForDeploymentPostprocessing = 0;
			shellPath = /bin/sh;
			shellScript = "\"${SRCROOT}/Pods/Target Support Files/Pods-FSAutoAdjust-cellHeightDemo/Pods-FSAutoAdjust-cellHeightDemo-resources.sh\"\n";
			showEnvVarsInLog = 0;
		};
		3F0235A3427E4700257577DC /* [CP] Embed Pods Frameworks */ = {
			isa = PBXShellScriptBuildPhase;
			buildActionMask = 2147483647;
			files = (
			);
			inputPaths = (
			);
			name = "[CP] Embed Pods Frameworks";
			outputPaths = (
			);
			runOnlyForDeploymentPostprocessing = 0;
			shellPath = /bin/sh;
			shellScript = "\"${SRCROOT}/Pods/Target Support Files/Pods-FSAutoAdjust-cellHeightDemo/Pods-FSAutoAdjust-cellHeightDemo-frameworks.sh\"\n";
			showEnvVarsInLog = 0;
		};
		69D3419D387D32AD733C4ECC /* [CP] Check Pods Manifest.lock */ = {
			isa = PBXShellScriptBuildPhase;
			buildActionMask = 2147483647;
			files = (
			);
			inputPaths = (
			);
			name = "[CP] Check Pods Manifest.lock";
			outputPaths = (
			);
			runOnlyForDeploymentPostprocessing = 0;
			shellPath = /bin/sh;
			shellScript = "diff \"${PODS_ROOT}/../Podfile.lock\" \"${PODS_ROOT}/Manifest.lock\" > /dev/null\nif [ $? != 0 ] ; then\n    # print error to STDERR\n    echo \"error: The sandbox is not in sync with the Podfile.lock. Run 'pod install' or update your CocoaPods installation.\" >&2\n    exit 1\nfi\n";
			showEnvVarsInLog = 0;
		};
/* End PBXShellScriptBuildPhase section */

/* Begin PBXSourcesBuildPhase section */
		A3604EFA1F0F5EEC00C9F19C /* Sources */ = {
			isa = PBXSourcesBuildPhase;
			buildActionMask = 2147483647;
			files = (
				A3604F061F0F5EED00C9F19C /* AppDelegate.m in Sources */,
				F09D0D9E1F11E4AB00943A9D /* FSTestTableViewCell.m in Sources */,
				A3604F1C1F0F665400C9F19C /* FSMainViewController.m in Sources */,
				A3604F221F0F717D00C9F19C /* UITableViewCell+FSAutoCountHeight.m in Sources */,
				F0287EA41F2F268A00417CFA /* FSEntity.m in Sources */,
				A3604F031F0F5EEC00C9F19C /* main.m in Sources */,
				F0287EA71F2F301B00417CFA /* FSViewController.m in Sources */,
			);
			runOnlyForDeploymentPostprocessing = 0;
		};
/* End PBXSourcesBuildPhase section */

/* Begin PBXVariantGroup section */
		A3604F0A1F0F5EED00C9F19C /* Main.storyboard */ = {
			isa = PBXVariantGroup;
			children = (
				A3604F0B1F0F5EED00C9F19C /* Base */,
			);
			name = Main.storyboard;
			sourceTree = "<group>";
		};
		A3604F0F1F0F5EED00C9F19C /* LaunchScreen.storyboard */ = {
			isa = PBXVariantGroup;
			children = (
				A3604F101F0F5EED00C9F19C /* Base */,
			);
			name = LaunchScreen.storyboard;
			sourceTree = "<group>";
		};
/* End PBXVariantGroup section */

/* Begin XCBuildConfiguration section */
		A3604F131F0F5EED00C9F19C /* Debug */ = {
			isa = XCBuildConfiguration;
			buildSettings = {
				ALWAYS_SEARCH_USER_PATHS = NO;
				CLANG_ANALYZER_NONNULL = YES;
				CLANG_ANALYZER_NUMBER_OBJECT_CONVERSION = YES_AGGRESSIVE;
				CLANG_CXX_LANGUAGE_STANDARD = "gnu++0x";
				CLANG_CXX_LIBRARY = "libc++";
				CLANG_ENABLE_MODULES = YES;
				CLANG_ENABLE_OBJC_ARC = YES;
				CLANG_WARN_BOOL_CONVERSION = YES;
				CLANG_WARN_CONSTANT_CONVERSION = YES;
				CLANG_WARN_DIRECT_OBJC_ISA_USAGE = YES_ERROR;
				CLANG_WARN_DOCUMENTATION_COMMENTS = YES;
				CLANG_WARN_EMPTY_BODY = YES;
				CLANG_WARN_ENUM_CONVERSION = YES;
				CLANG_WARN_INFINITE_RECURSION = YES;
				CLANG_WARN_INT_CONVERSION = YES;
				CLANG_WARN_OBJC_ROOT_CLASS = YES_ERROR;
				CLANG_WARN_SUSPICIOUS_MOVE = YES;
				CLANG_WARN_UNREACHABLE_CODE = YES;
				CLANG_WARN__DUPLICATE_METHOD_MATCH = YES;
				"CODE_SIGN_IDENTITY[sdk=iphoneos*]" = "iPhone Developer";
				COPY_PHASE_STRIP = NO;
				DEBUG_INFORMATION_FORMAT = dwarf;
				ENABLE_STRICT_OBJC_MSGSEND = YES;
				ENABLE_TESTABILITY = YES;
				GCC_C_LANGUAGE_STANDARD = gnu99;
				GCC_DYNAMIC_NO_PIC = NO;
				GCC_NO_COMMON_BLOCKS = YES;
				GCC_OPTIMIZATION_LEVEL = 0;
				GCC_PREPROCESSOR_DEFINITIONS = (
					"DEBUG=1",
					"$(inherited)",
				);
				GCC_WARN_64_TO_32_BIT_CONVERSION = YES;
				GCC_WARN_ABOUT_RETURN_TYPE = YES_ERROR;
				GCC_WARN_UNDECLARED_SELECTOR = YES;
				GCC_WARN_UNINITIALIZED_AUTOS = YES_AGGRESSIVE;
				GCC_WARN_UNUSED_FUNCTION = YES;
				GCC_WARN_UNUSED_VARIABLE = YES;
				IPHONEOS_DEPLOYMENT_TARGET = 10.3;
				MTL_ENABLE_DEBUG_INFO = YES;
				ONLY_ACTIVE_ARCH = YES;
				SDKROOT = iphoneos;
			};
			name = Debug;
		};
		A3604F141F0F5EED00C9F19C /* Release */ = {
			isa = XCBuildConfiguration;
			buildSettings = {
				ALWAYS_SEARCH_USER_PATHS = NO;
				CLANG_ANALYZER_NONNULL = YES;
				CLANG_ANALYZER_NUMBER_OBJECT_CONVERSION = YES_AGGRESSIVE;
				CLANG_CXX_LANGUAGE_STANDARD = "gnu++0x";
				CLANG_CXX_LIBRARY = "libc++";
				CLANG_ENABLE_MODULES = YES;
				CLANG_ENABLE_OBJC_ARC = YES;
				CLANG_WARN_BOOL_CONVERSION = YES;
				CLANG_WARN_CONSTANT_CONVERSION = YES;
				CLANG_WARN_DIRECT_OBJC_ISA_USAGE = YES_ERROR;
				CLANG_WARN_DOCUMENTATION_COMMENTS = YES;
				CLANG_WARN_EMPTY_BODY = YES;
				CLANG_WARN_ENUM_CONVERSION = YES;
				CLANG_WARN_INFINITE_RECURSION = YES;
				CLANG_WARN_INT_CONVERSION = YES;
				CLANG_WARN_OBJC_ROOT_CLASS = YES_ERROR;
				CLANG_WARN_SUSPICIOUS_MOVE = YES;
				CLANG_WARN_UNREACHABLE_CODE = YES;
				CLANG_WARN__DUPLICATE_METHOD_MATCH = YES;
				"CODE_SIGN_IDENTITY[sdk=iphoneos*]" = "iPhone Developer";
				COPY_PHASE_STRIP = NO;
				DEBUG_INFORMATION_FORMAT = "dwarf-with-dsym";
				ENABLE_NS_ASSERTIONS = NO;
				ENABLE_STRICT_OBJC_MSGSEND = YES;
				GCC_C_LANGUAGE_STANDARD = gnu99;
				GCC_NO_COMMON_BLOCKS = YES;
				GCC_WARN_64_TO_32_BIT_CONVERSION = YES;
				GCC_WARN_ABOUT_RETURN_TYPE = YES_ERROR;
				GCC_WARN_UNDECLARED_SELECTOR = YES;
				GCC_WARN_UNINITIALIZED_AUTOS = YES_AGGRESSIVE;
				GCC_WARN_UNUSED_FUNCTION = YES;
				GCC_WARN_UNUSED_VARIABLE = YES;
				IPHONEOS_DEPLOYMENT_TARGET = 10.3;
				MTL_ENABLE_DEBUG_INFO = NO;
				SDKROOT = iphoneos;
				VALIDATE_PRODUCT = YES;
			};
			name = Release;
		};
		A3604F161F0F5EED00C9F19C /* Debug */ = {
			isa = XCBuildConfiguration;
			baseConfigurationReference = 708AEA4D1D4470774EFC19F6 /* Pods-FSAutoAdjust-cellHeightDemo.debug.xcconfig */;
			buildSettings = {
				ASSETCATALOG_COMPILER_APPICON_NAME = AppIcon;
				DEVELOPMENT_TEAM = P5NAKU59Y6;
				INFOPLIST_FILE = "FSAutoAdjust-cellHeightDemo/Info.plist";
				IPHONEOS_DEPLOYMENT_TARGET = 7.0;
				LD_RUNPATH_SEARCH_PATHS = "$(inherited) @executable_path/Frameworks";
				PRODUCT_BUNDLE_IDENTIFIER = "com.fengshun.FSAutoAdjust-cellHeightDemo";
				PRODUCT_NAME = "$(TARGET_NAME)";
			};
			name = Debug;
		};
		A3604F171F0F5EED00C9F19C /* Release */ = {
			isa = XCBuildConfiguration;
			baseConfigurationReference = A7F65CB57AE061C24BA816C0 /* Pods-FSAutoAdjust-cellHeightDemo.release.xcconfig */;
			buildSettings = {
				ASSETCATALOG_COMPILER_APPICON_NAME = AppIcon;
				DEVELOPMENT_TEAM = P5NAKU59Y6;
				INFOPLIST_FILE = "FSAutoAdjust-cellHeightDemo/Info.plist";
				IPHONEOS_DEPLOYMENT_TARGET = 7.0;
				LD_RUNPATH_SEARCH_PATHS = "$(inherited) @executable_path/Frameworks";
				PRODUCT_BUNDLE_IDENTIFIER = "com.fengshun.FSAutoAdjust-cellHeightDemo";
				PRODUCT_NAME = "$(TARGET_NAME)";
			};
			name = Release;
		};
/* End XCBuildConfiguration section */

/* Begin XCConfigurationList section */
		A3604EF91F0F5EEC00C9F19C /* Build configuration list for PBXProject "FSAutoAdjust-cellHeightDemo" */ = {
			isa = XCConfigurationList;
			buildConfigurations = (
				A3604F131F0F5EED00C9F19C /* Debug */,
				A3604F141F0F5EED00C9F19C /* Release */,
			);
			defaultConfigurationIsVisible = 0;
			defaultConfigurationName = Release;
		};
		A3604F151F0F5EED00C9F19C /* Build configuration list for PBXNativeTarget "FSAutoAdjust-cellHeightDemo" */ = {
			isa = XCConfigurationList;
			buildConfigurations = (
				A3604F161F0F5EED00C9F19C /* Debug */,
				A3604F171F0F5EED00C9F19C /* Release */,
			);
			defaultConfigurationIsVisible = 0;
			defaultConfigurationName = Release;
		};
/* End XCConfigurationList section */
	};
	rootObject = A3604EF61F0F5EEC00C9F19C /* Project object */;
}
